
Microsoft Visual Studio Solution File, Format Version 12.00
# Visual Studio Version 16
VisualStudioVersion = 16.0.29326.143
MinimumVisualStudioVersion = 10.0.40219.1
Project("{FAE04EC0-301F-11D3-BF4B-00C04F79EFBC}") = "MethodeHiding_Practice", "MethodeHiding_Practice\MethodeHiding_Practice.csproj", "{F90538E3-61FF-4786-BBE6-B97082DEEC3A}"
EndProject
Global
	GlobalSection(SolutionConfigurationPlatforms) = preSolution
		Debug|Any CPU = Debug|Any CPU
		Release|Any CPU = Release|Any CPU
	EndGlobalSection
	GlobalSection(ProjectConfigurationPlatforms) = postSolution
		{F90538E3-61FF-4786-BBE6-B97082DEEC3A}.Debug|Any CPU.ActiveCfg = Debug|Any CPU
		{F90538E3-61FF-4786-BBE6-B97082DEEC3A}.Debug|Any CPU.Build.0 = Debug|Any CPU
		{F90538E3-61FF-4786-BBE6-B97082DEEC3A}.Release|Any CPU.ActiveCfg = Release|Any CPU
		{F90538E3-61FF-4786-BBE6-B97082DEEC3A}.Release|Any CPU.Build.0 = Release|Any CPU
	EndGlobalSection
	GlobalSection(SolutionProperties) = preSolution
		HideSolutionNode = FALSE
	EndGlobalSection
	GlobalSection(ExtensibilityGlobals) = postSolution
		SolutionGuid = {84D138B8-9FD6-40DA-BE14-F118E9B982D5}
	EndGlobalSection
EndGlobal
